
Microsoft Visual Studio Solution File, Format Version 12.00
# Visual Studio 15
VisualStudioVersion = 15.0.26124.0
MinimumVisualStudioVersion = 15.0.26124.0
Project("{2150E333-8FDC-42A3-9474-1A3956D46DE8}") = "src", "src", "{C8EBC294-9AE0-4184-A9EA-D948EBB2D74F}"
EndProject
Project("{FAE04EC0-301F-11D3-BF4B-00C04F79EFBC}") = "SimpleAPI", "src\SimpleAPI\SimpleAPI.csproj", "{17E3516A-AE52-40A5-8256-EC4A4F60E6C6}"
EndProject
Project("{2150E333-8FDC-42A3-9474-1A3956D46DE8}") = "test", "test", "{7B745265-FF19-4BD6-85D4-7DEA732A95D1}"
EndProject
Project("{FAE04EC0-301F-11D3-BF4B-00C04F79EFBC}") = "SimpleAPI.Test", "test\SimpleAPI.Test\SimpleAPI.Test.csproj", "{05B27C9F-8FA6-40B4-A7BD-99CC2280CF31}"
EndProject
Global
	GlobalSection(SolutionConfigurationPlatforms) = preSolution
		Debug|Any CPU = Debug|Any CPU
		Debug|x64 = Debug|x64
		Debug|x86 = Debug|x86
		Release|Any CPU = Release|Any CPU
		Release|x64 = Release|x64
		Release|x86 = Release|x86
	EndGlobalSection
	GlobalSection(SolutionProperties) = preSolution
		HideSolutionNode = FALSE
	EndGlobalSection
	GlobalSection(ProjectConfigurationPlatforms) = postSolution
		{17E3516A-AE52-40A5-8256-EC4A4F60E6C6}.Debug|Any CPU.ActiveCfg = Debug|Any CPU
		{17E3516A-AE52-40A5-8256-EC4A4F60E6C6}.Debug|Any CPU.Build.0 = Debug|Any CPU
		{17E3516A-AE52-40A5-8256-EC4A4F60E6C6}.Debug|x64.ActiveCfg = Debug|Any CPU
		{17E3516A-AE52-40A5-8256-EC4A4F60E6C6}.Debug|x64.Build.0 = Debug|Any CPU
		{17E3516A-AE52-40A5-8256-EC4A4F60E6C6}.Debug|x86.ActiveCfg = Debug|Any CPU
		{17E3516A-AE52-40A5-8256-EC4A4F60E6C6}.Debug|x86.Build.0 = Debug|Any CPU
		{17E3516A-AE52-40A5-8256-EC4A4F60E6C6}.Release|Any CPU.ActiveCfg = Release|Any CPU
		{17E3516A-AE52-40A5-8256-EC4A4F60E6C6}.Release|Any CPU.Build.0 = Release|Any CPU
		{17E3516A-AE52-40A5-8256-EC4A4F60E6C6}.Release|x64.ActiveCfg = Release|Any CPU
		{17E3516A-AE52-40A5-8256-EC4A4F60E6C6}.Release|x64.Build.0 = Release|Any CPU
		{17E3516A-AE52-40A5-8256-EC4A4F60E6C6}.Release|x86.ActiveCfg = Release|Any CPU
		{17E3516A-AE52-40A5-8256-EC4A4F60E6C6}.Release|x86.Build.0 = Release|Any CPU
		{05B27C9F-8FA6-40B4-A7BD-99CC2280CF31}.Debug|Any CPU.ActiveCfg = Debug|Any CPU
		{05B27C9F-8FA6-40B4-A7BD-99CC2280CF31}.Debug|Any CPU.Build.0 = Debug|Any CPU
		{05B27C9F-8FA6-40B4-A7BD-99CC2280CF31}.Debug|x64.ActiveCfg = Debug|Any CPU
		{05B27C9F-8FA6-40B4-A7BD-99CC2280CF31}.Debug|x64.Build.0 = Debug|Any CPU
		{05B27C9F-8FA6-40B4-A7BD-99CC2280CF31}.Debug|x86.ActiveCfg = Debug|Any CPU
		{05B27C9F-8FA6-40B4-A7BD-99CC2280CF31}.Debug|x86.Build.0 = Debug|Any CPU
		{05B27C9F-8FA6-40B4-A7BD-99CC2280CF31}.Release|Any CPU.ActiveCfg = Release|Any CPU
		{05B27C9F-8FA6-40B4-A7BD-99CC2280CF31}.Release|Any CPU.Build.0 = Release|Any CPU
		{05B27C9F-8FA6-40B4-A7BD-99CC2280CF31}.Release|x64.ActiveCfg = Release|Any CPU
		{05B27C9F-8FA6-40B4-A7BD-99CC2280CF31}.Release|x64.Build.0 = Release|Any CPU
		{05B27C9F-8FA6-40B4-A7BD-99CC2280CF31}.Release|x86.ActiveCfg = Release|Any CPU
		{05B27C9F-8FA6-40B4-A7BD-99CC2280CF31}.Release|x86.Build.0 = Release|Any CPU
	EndGlobalSection
	GlobalSection(NestedProjects) = preSolution
		{17E3516A-AE52-40A5-8256-EC4A4F60E6C6} = {C8EBC294-9AE0-4184-A9EA-D948EBB2D74F}
		{05B27C9F-8FA6-40B4-A7BD-99CC2280CF31} = {7B745265-FF19-4BD6-85D4-7DEA732A95D1}
	EndGlobalSection
EndGlobal
